// !$*UTF8*$!
{
	archiveVersion = 1;
	classes = {
	};
	objectVersion = 50;
	objects = {

/* Begin PBXBuildFile section */
		96C0011C247B6E4300D1AFFB /* AppDelegate.swift in Sources */ = {isa = PBXBuildFile; fileRef = 96C0011B247B6E4300D1AFFB /* AppDelegate.swift */; };
		96C0011E247B6E4300D1AFFB /* SceneDelegate.swift in Sources */ = {isa = PBXBuildFile; fileRef = 96C0011D247B6E4300D1AFFB /* SceneDelegate.swift */; };
		96C00120247B6E4300D1AFFB /* ContentView.swift in Sources */ = {isa = PBXBuildFile; fileRef = 96C0011F247B6E4300D1AFFB /* ContentView.swift */; };
		96C00122247B6E4600D1AFFB /* Assets.xcassets in Resources */ = {isa = PBXBuildFile; fileRef = 96C00121247B6E4600D1AFFB /* Assets.xcassets */; };
		96C00125247B6E4600D1AFFB /* Preview Assets.xcassets in Resources */ = {isa = PBXBuildFile; fileRef = 96C00124247B6E4600D1AFFB /* Preview Assets.xcassets */; };
		96C00128247B6E4600D1AFFB /* LaunchScreen.storyboard in Resources */ = {isa = PBXBuildFile; fileRef = 96C00126247B6E4600D1AFFB /* LaunchScreen.storyboard */; };
/* End PBXBuildFile section */

/* Begin PBXFileReference section */
		96C00118247B6E4300D1AFFB /* ImageCarousel.app */ = {isa = PBXFileReference; explicitFileType = wrapper.application; includeInIndex = 0; path = ImageCarousel.app; sourceTree = BUILT_PRODUCTS_DIR; };
		96C0011B247B6E4300D1AFFB /* AppDelegate.swift */ = {isa = PBXFileReference; lastKnownFileType = sourcecode.swift; path = AppDelegate.swift; sourceTree = "<group>"; };
		96C0011D247B6E4300D1AFFB /* SceneDelegate.swift */ = {isa = PBXFileReference; lastKnownFileType = sourcecode.swift; path = SceneDelegate.swift; sourceTree = "<group>"; };
		96C0011F247B6E4300D1AFFB /* ContentView.swift */ = {isa = PBXFileReference; lastKnownFileType = sourcecode.swift; path = ContentView.swift; sourceTree = "<group>"; };
		96C00121247B6E4600D1AFFB /* Assets.xcassets */ = {isa = PBXFileReference; lastKnownFileType = folder.assetcatalog; path = Assets.xcassets; sourceTree = "<group>"; };
		96C00124247B6E4600D1AFFB /* Preview Assets.xcassets */ = {isa = PBXFileReference; lastKnownFileType = folder.assetcatalog; path = "Preview Assets.xcassets"; sourceTree = "<group>"; };
		96C00127247B6E4600D1AFFB /* Base */ = {isa = PBXFileReference; lastKnownFileType = file.storyboard; name = Base; path = Base.lproj/LaunchScreen.storyboard; sourceTree = "<group>"; };
		96C00129247B6E4600D1AFFB /* Info.plist */ = {isa = PBXFileReference; lastKnownFileType = text.plist.xml; path = Info.plist; sourceTree = "<group>"; };
/* End PBXFileReference section */

/* Begin PBXFrameworksBuildPhase section */
		96C00115247B6E4300D1AFFB /* Frameworks */ = {
			isa = PBXFrameworksBuildPhase;
			buildActionMask = 2147483647;
			files = (
			);
			runOnlyForDeploymentPostprocessing = 0;
		};
/* End PBXFrameworksBuildPhase section */

/* Begin PBXGroup section */
		96C0010F247B6E4300D1AFFB = {
			isa = PBXGroup;
			children = (
				96C0011A247B6E4300D1AFFB /* ImageCarousel */,
				96C00119247B6E4300D1AFFB /* Products */,
			);
			sourceTree = "<group>";
		};
		96C00119247B6E4300D1AFFB /* Products */ = {
			isa = PBXGroup;
			children = (
				96C00118247B6E4300D1AFFB /* ImageCarousel.app */,
			);
			name = Products;
			sourceTree = "<group>";
		};
		96C0011A247B6E4300D1AFFB /* ImageCarousel */ = {
			isa = PBXGroup;
			children = (
				96C0011B247B6E4300D1AFFB /* AppDelegate.swift */,
				96C0011D247B6E4300D1AFFB /* SceneDelegate.swift */,
				96C0011F247B6E4300D1AFFB /* ContentView.swift */,
				96C00121247B6E4600D1AFFB /* Assets.xcassets */,
				96C00126247B6E4600D1AFFB /* LaunchScreen.storyboard */,
				96C00129247B6E4600D1AFFB /* Info.plist */,
				96C00123247B6E4600D1AFFB /* Preview Content */,
			);
			path = ImageCarousel;
			sourceTree = "<group>";
		};
		96C00123247B6E4600D1AFFB /* Preview Content */ = {
			isa = PBXGroup;
			children = (
				96C00124247B6E4600D1AFFB /* Preview Assets.xcassets */,
			);
			path = "Preview Content";
			sourceTree = "<group>";
		};
/* End PBXGroup section */

/* Begin PBXNativeTarget section */
		96C00117247B6E4300D1AFFB /* ImageCarousel */ = {
			isa = PBXNativeTarget;
			buildConfigurationList = 96C0012C247B6E4600D1AFFB /* Build configuration list for PBXNativeTarget "ImageCarousel" */;
			buildPhases = (
				96C00114247B6E4300D1AFFB /* Sources */,
				96C00115247B6E4300D1AFFB /* Frameworks */,
				96C00116247B6E4300D1AFFB /* Resources */,
			);
			buildRules = (
			);
			dependencies = (
			);
			name = ImageCarousel;
			productName = ImageCarousel;
			productReference = 96C00118247B6E4300D1AFFB /* ImageCarousel.app */;
			productType = "com.apple.product-type.application";
		};
/* End PBXNativeTarget section */

/* Begin PBXProject section */
		96C00110247B6E4300D1AFFB /* Project object */ = {
			isa = PBXProject;
			attributes = {
				LastSwiftUpdateCheck = 1130;
				LastUpgradeCheck = 1130;
				ORGANIZATIONNAME = "The book Air";
				TargetAttributes = {
					96C00117247B6E4300D1AFFB = {
						CreatedOnToolsVersion = 11.3.1;
					};
				};
			};
			buildConfigurationList = 96C00113247B6E4300D1AFFB /* Build configuration list for PBXProject "ImageCarousel" */;
			compatibilityVersion = "Xcode 9.3";
			developmentRegion = en;
			hasScannedForEncodings = 0;
			knownRegions = (
				en,
				Base,
			);
			mainGroup = 96C0010F247B6E4300D1AFFB;
			productRefGroup = 96C00119247B6E4300D1AFFB /* Products */;
			projectDirPath = "";
			projectRoot = "";
			targets = (
				96C00117247B6E4300D1AFFB /* ImageCarousel */,
			);
		};
/* End PBXProject section */

/* Begin PBXResourcesBuildPhase section */
		96C00116247B6E4300D1AFFB /* Resources */ = {
			isa = PBXResourcesBuildPhase;
			buildActionMask = 2147483647;
			files = (
				96C00128247B6E4600D1AFFB /* LaunchScreen.storyboard in Resources */,
				96C00125247B6E4600D1AFFB /* Preview Assets.xcassets in Resources */,
				96C00122247B6E4600D1AFFB /* Assets.xcassets in Resources */,
			);
			runOnlyForDeploymentPostprocessing = 0;
		};
/* End PBXResourcesBuildPhase section */

/* Begin PBXSourcesBuildPhase section */
		96C00114247B6E4300D1AFFB /* Sources */ = {
			isa = PBXSourcesBuildPhase;
			buildActionMask = 2147483647;
			files = (
				96C0011C247B6E4300D1AFFB /* AppDelegate.swift in Sources */,
				96C0011E247B6E4300D1AFFB /* SceneDelegate.swift in Sources */,
				96C00120247B6E4300D1AFFB /* ContentView.swift in Sources */,
			);
			runOnlyForDeploymentPostprocessing = 0;
		};
/* End PBXSourcesBuildPhase section */

/* Begin PBXVariantGroup section */
		96C00126247B6E4600D1AFFB /* LaunchScreen.storyboard */ = {
			isa = PBXVariantGroup;
			children = (
				96C00127247B6E4600D1AFFB /* Base */,
			);
			name = LaunchScreen.storyboard;
			sourceTree = "<group>";
		};
/* End PBXVariantGroup section */

/* Begin XCBuildConfiguration section */
		96C0012A247B6E4600D1AFFB /* Debug */ = {
			isa = XCBuildConfiguration;
			buildSettings = {
				ALWAYS_SEARCH_USER_PATHS = NO;
				CLANG_ANALYZER_NONNULL = YES;
				CLANG_ANALYZER_NUMBER_OBJECT_CONVERSION = YES_AGGRESSIVE;
				CLANG_CXX_LANGUAGE_STANDARD = "gnu++14";
				CLANG_CXX_LIBRARY = "libc++";
				CLANG_ENABLE_MODULES = YES;
				CLANG_ENABLE_OBJC_ARC = YES;
				CLANG_ENABLE_OBJC_WEAK = YES;
				CLANG_WARN_BLOCK_CAPTURE_AUTORELEASING = YES;
				CLANG_WARN_BOOL_CONVERSION = YES;
				CLANG_WARN_COMMA = YES;
				CLANG_WARN_CONSTANT_CONVERSION = YES;
				CLANG_WARN_DEPRECATED_OBJC_IMPLEMENTATIONS = YES;
				CLANG_WARN_DIRECT_OBJC_ISA_USAGE = YES_ERROR;
				CLANG_WARN_DOCUMENTATION_COMMENTS = YES;
				CLANG_WARN_EMPTY_BODY = YES;
				CLANG_WARN_ENUM_CONVERSION = YES;
				CLANG_WARN_INFINITE_RECURSION = YES;
				CLANG_WARN_INT_CONVERSION = YES;
				CLANG_WARN_NON_LITERAL_NULL_CONVERSION = YES;
				CLANG_WARN_OBJC_IMPLICIT_RETAIN_SELF = YES;
				CLANG_WARN_OBJC_LITERAL_CONVERSION = YES;
				CLANG_WARN_OBJC_ROOT_CLASS = YES_ERROR;
				CLANG_WARN_RANGE_LOOP_ANALYSIS = YES;
				CLANG_WARN_STRICT_PROTOTYPES = YES;
				CLANG_WARN_SUSPICIOUS_MOVE = YES;
				CLANG_WARN_UNGUARDED_AVAILABILITY = YES_AGGRESSIVE;
				CLANG_WARN_UNREACHABLE_CODE = YES;
				CLANG_WARN__DUPLICATE_METHOD_MATCH = YES;
				COPY_PHASE_STRIP = NO;
				DEBUG_INFORMATION_FORMAT = dwarf;
				ENABLE_STRICT_OBJC_MSGSEND = YES;
				ENABLE_TESTABILITY = YES;
				GCC_C_LANGUAGE_STANDARD = gnu11;
				GCC_DYNAMIC_NO_PIC = NO;
				GCC_NO_COMMON_BLOCKS = YES;
				GCC_OPTIMIZATION_LEVEL = 0;
				GCC_PREPROCESSOR_DEFINITIONS = (
					"DEBUG=1",
					"$(inherited)",
				);
				GCC_WARN_64_TO_32_BIT_CONVERSION = YES;
				GCC_WARN_ABOUT_RETURN_TYPE = YES_ERROR;
				GCC_WARN_UNDECLARED_SELECTOR = YES;
				GCC_WARN_UNINITIALIZED_AUTOS = YES_AGGRESSIVE;
				GCC_WARN_UNUSED_FUNCTION = YES;
				GCC_WARN_UNUSED_VARIABLE = YES;
				IPHONEOS_DEPLOYMENT_TARGET = 13.2;
				MTL_ENABLE_DEBUG_INFO = INCLUDE_SOURCE;
				MTL_FAST_MATH = YES;
				ONLY_ACTIVE_ARCH = YES;
				SDKROOT = iphoneos;
				SWIFT_ACTIVE_COMPILATION_CONDITIONS = DEBUG;
				SWIFT_OPTIMIZATION_LEVEL = "-Onone";
			};
			name = Debug;
		};
		96C0012B247B6E4600D1AFFB /* Release */ = {
			isa = XCBuildConfiguration;
			buildSettings = {
				ALWAYS_SEARCH_USER_PATHS = NO;
				CLANG_ANALYZER_NONNULL = YES;
				CLANG_ANALYZER_NUMBER_OBJECT_CONVERSION = YES_AGGRESSIVE;
				CLANG_CXX_LANGUAGE_STANDARD = "gnu++14";
				CLANG_CXX_LIBRARY = "libc++";
				CLANG_ENABLE_MODULES = YES;
				CLANG_ENABLE_OBJC_ARC = YES;
				CLANG_ENABLE_OBJC_WEAK = YES;
				CLANG_WARN_BLOCK_CAPTURE_AUTORELEASING = YES;
				CLANG_WARN_BOOL_CONVERSION = YES;
				CLANG_WARN_COMMA = YES;
				CLANG_WARN_CONSTANT_CONVERSION = YES;
				CLANG_WARN_DEPRECATED_OBJC_IMPLEMENTATIONS = YES;
				CLANG_WARN_DIRECT_OBJC_ISA_USAGE = YES_ERROR;
				CLANG_WARN_DOCUMENTATION_COMMENTS = YES;
				CLANG_WARN_EMPTY_BODY = YES;
				CLANG_WARN_ENUM_CONVERSION = YES;
				CLANG_WARN_INFINITE_RECURSION = YES;
				CLANG_WARN_INT_CONVERSION = YES;
				CLANG_WARN_NON_LITERAL_NULL_CONVERSION = YES;
				CLANG_WARN_OBJC_IMPLICIT_RETAIN_SELF = YES;
				CLANG_WARN_OBJC_LITERAL_CONVERSION = YES;
				CLANG_WARN_OBJC_ROOT_CLASS = YES_ERROR;
				CLANG_WARN_RANGE_LOOP_ANALYSIS = YES;
				CLANG_WARN_STRICT_PROTOTYPES = YES;
				CLANG_WARN_SUSPICIOUS_MOVE = YES;
				CLANG_WARN_UNGUARDED_AVAILABILITY = YES_AGGRESSIVE;
				CLANG_WARN_UNREACHABLE_CODE = YES;
				CLANG_WARN__DUPLICATE_METHOD_MATCH = YES;
				COPY_PHASE_STRIP = NO;
				DEBUG_INFORMATION_FORMAT = "dwarf-with-dsym";
				ENABLE_NS_ASSERTIONS = NO;
				ENABLE_STRICT_OBJC_MSGSEND = YES;
				GCC_C_LANGUAGE_STANDARD = gnu11;
				GCC_NO_COMMON_BLOCKS = YES;
				GCC_WARN_64_TO_32_BIT_CONVERSION = YES;
				GCC_WARN_ABOUT_RETURN_TYPE = YES_ERROR;
				GCC_WARN_UNDECLARED_SELECTOR = YES;
				GCC_WARN_UNINITIALIZED_AUTOS = YES_AGGRESSIVE;
				GCC_WARN_UNUSED_FUNCTION = YES;
				GCC_WARN_UNUSED_VARIABLE = YES;
				IPHONEOS_DEPLOYMENT_TARGET = 13.2;
				MTL_ENABLE_DEBUG_INFO = NO;
				MTL_FAST_MATH = YES;
				SDKROOT = iphoneos;
				SWIFT_COMPILATION_MODE = wholemodule;
				SWIFT_OPTIMIZATION_LEVEL = "-O";
				VALIDATE_PRODUCT = YES;
			};
			name = Release;
		};
		96C0012D247B6E4600D1AFFB /* Debug */ = {
			isa = XCBuildConfiguration;
			buildSettings = {
				ASSETCATALOG_COMPILER_APPICON_NAME = AppIcon;
				CODE_SIGN_STYLE = Automatic;
				DEVELOPMENT_ASSET_PATHS = "\"ImageCarousel/Preview Content\"";
				DEVELOPMENT_TEAM = 6UFY22SQMW;
				ENABLE_PREVIEWS = YES;
				INFOPLIST_FILE = ImageCarousel/Info.plist;
				LD_RUNPATH_SEARCH_PATHS = (
					"$(inherited)",
					"@executable_path/Frameworks",
				);
				PRODUCT_BUNDLE_IDENTIFIER = com.jisung.ImageCarousel;
				PRODUCT_NAME = "$(TARGET_NAME)";
				SWIFT_VERSION = 5.0;
				TARGETED_DEVICE_FAMILY = "1,2";
			};
			name = Debug;
		};
		96C0012E247B6E4600D1AFFB /* Release */ = {
			isa = XCBuildConfiguration;
			buildSettings = {
				ASSETCATALOG_COMPILER_APPICON_NAME = AppIcon;
				CODE_SIGN_STYLE = Automatic;
				DEVELOPMENT_ASSET_PATHS = "\"ImageCarousel/Preview Content\"";
				DEVELOPMENT_TEAM = 6UFY22SQMW;
				ENABLE_PREVIEWS = YES;
				INFOPLIST_FILE = ImageCarousel/Info.plist;
				LD_RUNPATH_SEARCH_PATHS = (
					"$(inherited)",
					"@executable_path/Frameworks",
				);
				PRODUCT_BUNDLE_IDENTIFIER = com.jisung.ImageCarousel;
				PRODUCT_NAME = "$(TARGET_NAME)";
				SWIFT_VERSION = 5.0;
				TARGETED_DEVICE_FAMILY = "1,2";
			};
			name = Release;
		};
/* End XCBuildConfiguration section */

/* Begin XCConfigurationList section */
		96C00113247B6E4300D1AFFB /* Build configuration list for PBXProject "ImageCarousel" */ = {
			isa = XCConfigurationList;
			buildConfigurations = (
				96C0012A247B6E4600D1AFFB /* Debug */,
				96C0012B247B6E4600D1AFFB /* Release */,
			);
			defaultConfigurationIsVisible = 0;
			defaultConfigurationName = Release;
		};
		96C0012C247B6E4600D1AFFB /* Build configuration list for PBXNativeTarget "ImageCarousel" */ = {
			isa = XCConfigurationList;
			buildConfigurations = (
				96C0012D247B6E4600D1AFFB /* Debug */,
				96C0012E247B6E4600D1AFFB /* Release */,
			);
			defaultConfigurationIsVisible = 0;
			defaultConfigurationName = Release;
		};
/* End XCConfigurationList section */
	};
	rootObject = 96C00110247B6E4300D1AFFB /* Project object */;
}
